// !$*UTF8*$!
{
	archiveVersion = 1;
	classes = {
	};
	objectVersion = 56;
	objects = {

/* Begin PBXBuildFile section */
		828AAB1C2A54131000E823BF /* AppDelegate.swift in Sources */ = {isa = PBXBuildFile; fileRef = 828AAB1B2A54131000E823BF /* AppDelegate.swift */; };
		828AAB1E2A54131000E823BF /* SceneDelegate.swift in Sources */ = {isa = PBXBuildFile; fileRef = 828AAB1D2A54131000E823BF /* SceneDelegate.swift */; };
		828AAB202A54131000E823BF /* ViewController.swift in Sources */ = {isa = PBXBuildFile; fileRef = 828AAB1F2A54131000E823BF /* ViewController.swift */; };
		828AAB232A54131000E823BF /* Main.storyboard in Resources */ = {isa = PBXBuildFile; fileRef = 828AAB212A54131000E823BF /* Main.storyboard */; };
		828AAB252A54131000E823BF /* Assets.xcassets in Resources */ = {isa = PBXBuildFile; fileRef = 828AAB242A54131000E823BF /* Assets.xcassets */; };
		828AAB282A54131000E823BF /* LaunchScreen.storyboard in Resources */ = {isa = PBXBuildFile; fileRef = 828AAB262A54131000E823BF /* LaunchScreen.storyboard */; };
		828AAB332A54131000E823BF /* ImageViewTests.swift in Sources */ = {isa = PBXBuildFile; fileRef = 828AAB322A54131000E823BF /* ImageViewTests.swift */; };
		828AAB3D2A54131000E823BF /* ImageViewUITests.swift in Sources */ = {isa = PBXBuildFile; fileRef = 828AAB3C2A54131000E823BF /* ImageViewUITests.swift */; };
		828AAB3F2A54131000E823BF /* ImageViewUITestsLaunchTests.swift in Sources */ = {isa = PBXBuildFile; fileRef = 828AAB3E2A54131000E823BF /* ImageViewUITestsLaunchTests.swift */; };
/* End PBXBuildFile section */

/* Begin PBXContainerItemProxy section */
		828AAB2F2A54131000E823BF /* PBXContainerItemProxy */ = {
			isa = PBXContainerItemProxy;
			containerPortal = 828AAB102A54131000E823BF /* Project object */;
			proxyType = 1;
			remoteGlobalIDString = 828AAB172A54131000E823BF;
			remoteInfo = ImageView;
		};
		828AAB392A54131000E823BF /* PBXContainerItemProxy */ = {
			isa = PBXContainerItemProxy;
			containerPortal = 828AAB102A54131000E823BF /* Project object */;
			proxyType = 1;
			remoteGlobalIDString = 828AAB172A54131000E823BF;
			remoteInfo = ImageView;
		};
/* End PBXContainerItemProxy section */

/* Begin PBXFileReference section */
		828AAB182A54131000E823BF /* ImageView.app */ = {isa = PBXFileReference; explicitFileType = wrapper.application; includeInIndex = 0; path = ImageView.app; sourceTree = BUILT_PRODUCTS_DIR; };
		828AAB1B2A54131000E823BF /* AppDelegate.swift */ = {isa = PBXFileReference; lastKnownFileType = sourcecode.swift; path = AppDelegate.swift; sourceTree = "<group>"; };
		828AAB1D2A54131000E823BF /* SceneDelegate.swift */ = {isa = PBXFileReference; lastKnownFileType = sourcecode.swift; path = SceneDelegate.swift; sourceTree = "<group>"; };
		828AAB1F2A54131000E823BF /* ViewController.swift */ = {isa = PBXFileReference; lastKnownFileType = sourcecode.swift; path = ViewController.swift; sourceTree = "<group>"; };
		828AAB222A54131000E823BF /* Base */ = {isa = PBXFileReference; lastKnownFileType = file.storyboard; name = Base; path = Base.lproj/Main.storyboard; sourceTree = "<group>"; };
		828AAB242A54131000E823BF /* Assets.xcassets */ = {isa = PBXFileReference; lastKnownFileType = folder.assetcatalog; path = Assets.xcassets; sourceTree = "<group>"; };
		828AAB272A54131000E823BF /* Base */ = {isa = PBXFileReference; lastKnownFileType = file.storyboard; name = Base; path = Base.lproj/LaunchScreen.storyboard; sourceTree = "<group>"; };
		828AAB292A54131000E823BF /* Info.plist */ = {isa = PBXFileReference; lastKnownFileType = text.plist.xml; path = Info.plist; sourceTree = "<group>"; };
		828AAB2E2A54131000E823BF /* ImageViewTests.xctest */ = {isa = PBXFileReference; explicitFileType = wrapper.cfbundle; includeInIndex = 0; path = ImageViewTests.xctest; sourceTree = BUILT_PRODUCTS_DIR; };
		828AAB322A54131000E823BF /* ImageViewTests.swift */ = {isa = PBXFileReference; lastKnownFileType = sourcecode.swift; path = ImageViewTests.swift; sourceTree = "<group>"; };
		828AAB382A54131000E823BF /* ImageViewUITests.xctest */ = {isa = PBXFileReference; explicitFileType = wrapper.cfbundle; includeInIndex = 0; path = ImageViewUITests.xctest; sourceTree = BUILT_PRODUCTS_DIR; };
		828AAB3C2A54131000E823BF /* ImageViewUITests.swift */ = {isa = PBXFileReference; lastKnownFileType = sourcecode.swift; path = ImageViewUITests.swift; sourceTree = "<group>"; };
		828AAB3E2A54131000E823BF /* ImageViewUITestsLaunchTests.swift */ = {isa = PBXFileReference; lastKnownFileType = sourcecode.swift; path = ImageViewUITestsLaunchTests.swift; sourceTree = "<group>"; };
/* End PBXFileReference section */

/* Begin PBXFrameworksBuildPhase section */
		828AAB152A54131000E823BF /* Frameworks */ = {
			isa = PBXFrameworksBuildPhase;
			buildActionMask = 2147483647;
			files = (
			);
			runOnlyForDeploymentPostprocessing = 0;
		};
		828AAB2B2A54131000E823BF /* Frameworks */ = {
			isa = PBXFrameworksBuildPhase;
			buildActionMask = 2147483647;
			files = (
			);
			runOnlyForDeploymentPostprocessing = 0;
		};
		828AAB352A54131000E823BF /* Frameworks */ = {
			isa = PBXFrameworksBuildPhase;
			buildActionMask = 2147483647;
			files = (
			);
			runOnlyForDeploymentPostprocessing = 0;
		};
/* End PBXFrameworksBuildPhase section */

/* Begin PBXGroup section */
		828AAB0F2A54131000E823BF = {
			isa = PBXGroup;
			children = (
				828AAB1A2A54131000E823BF /* ImageView */,
				828AAB312A54131000E823BF /* ImageViewTests */,
				828AAB3B2A54131000E823BF /* ImageViewUITests */,
				828AAB192A54131000E823BF /* Products */,
			);
			sourceTree = "<group>";
		};
		828AAB192A54131000E823BF /* Products */ = {
			isa = PBXGroup;
			children = (
				828AAB182A54131000E823BF /* ImageView.app */,
				828AAB2E2A54131000E823BF /* ImageViewTests.xctest */,
				828AAB382A54131000E823BF /* ImageViewUITests.xctest */,
			);
			name = Products;
			sourceTree = "<group>";
		};
		828AAB1A2A54131000E823BF /* ImageView */ = {
			isa = PBXGroup;
			children = (
				828AAB1B2A54131000E823BF /* AppDelegate.swift */,
				828AAB1D2A54131000E823BF /* SceneDelegate.swift */,
				828AAB1F2A54131000E823BF /* ViewController.swift */,
				828AAB212A54131000E823BF /* Main.storyboard */,
				828AAB242A54131000E823BF /* Assets.xcassets */,
				828AAB262A54131000E823BF /* LaunchScreen.storyboard */,
				828AAB292A54131000E823BF /* Info.plist */,
			);
			path = ImageView;
			sourceTree = "<group>";
		};
		828AAB312A54131000E823BF /* ImageViewTests */ = {
			isa = PBXGroup;
			children = (
				828AAB322A54131000E823BF /* ImageViewTests.swift */,
			);
			path = ImageViewTests;
			sourceTree = "<group>";
		};
		828AAB3B2A54131000E823BF /* ImageViewUITests */ = {
			isa = PBXGroup;
			children = (
				828AAB3C2A54131000E823BF /* ImageViewUITests.swift */,
				828AAB3E2A54131000E823BF /* ImageViewUITestsLaunchTests.swift */,
			);
			path = ImageViewUITests;
			sourceTree = "<group>";
		};
/* End PBXGroup section */

/* Begin PBXNativeTarget section */
		828AAB172A54131000E823BF /* ImageView */ = {
			isa = PBXNativeTarget;
			buildConfigurationList = 828AAB422A54131000E823BF /* Build configuration list for PBXNativeTarget "ImageView" */;
			buildPhases = (
				828AAB142A54131000E823BF /* Sources */,
				828AAB152A54131000E823BF /* Frameworks */,
				828AAB162A54131000E823BF /* Resources */,
			);
			buildRules = (
			);
			dependencies = (
			);
			name = ImageView;
			productName = ImageView;
			productReference = 828AAB182A54131000E823BF /* ImageView.app */;
			productType = "com.apple.product-type.application";
		};
		828AAB2D2A54131000E823BF /* ImageViewTests */ = {
			isa = PBXNativeTarget;
			buildConfigurationList = 828AAB452A54131000E823BF /* Build configuration list for PBXNativeTarget "ImageViewTests" */;
			buildPhases = (
				828AAB2A2A54131000E823BF /* Sources */,
				828AAB2B2A54131000E823BF /* Frameworks */,
				828AAB2C2A54131000E823BF /* Resources */,
			);
			buildRules = (
			);
			dependencies = (
				828AAB302A54131000E823BF /* PBXTargetDependency */,
			);
			name = ImageViewTests;
			productName = ImageViewTests;
			productReference = 828AAB2E2A54131000E823BF /* ImageViewTests.xctest */;
			productType = "com.apple.product-type.bundle.unit-test";
		};
		828AAB372A54131000E823BF /* ImageViewUITests */ = {
			isa = PBXNativeTarget;
			buildConfigurationList = 828AAB482A54131000E823BF /* Build configuration list for PBXNativeTarget "ImageViewUITests" */;
			buildPhases = (
				828AAB342A54131000E823BF /* Sources */,
				828AAB352A54131000E823BF /* Frameworks */,
				828AAB362A54131000E823BF /* Resources */,
			);
			buildRules = (
			);
			dependencies = (
				828AAB3A2A54131000E823BF /* PBXTargetDependency */,
			);
			name = ImageViewUITests;
			productName = ImageViewUITests;
			productReference = 828AAB382A54131000E823BF /* ImageViewUITests.xctest */;
			productType = "com.apple.product-type.bundle.ui-testing";
		};
/* End PBXNativeTarget section */

/* Begin PBXProject section */
		828AAB102A54131000E823BF /* Project object */ = {
			isa = PBXProject;
			attributes = {
				BuildIndependentTargetsInParallel = 1;
				LastSwiftUpdateCheck = 1430;
				LastUpgradeCheck = 1430;
				TargetAttributes = {
					828AAB172A54131000E823BF = {
						CreatedOnToolsVersion = 14.3.1;
					};
					828AAB2D2A54131000E823BF = {
						CreatedOnToolsVersion = 14.3.1;
						TestTargetID = 828AAB172A54131000E823BF;
					};
					828AAB372A54131000E823BF = {
						CreatedOnToolsVersion = 14.3.1;
						TestTargetID = 828AAB172A54131000E823BF;
					};
				};
			};
			buildConfigurationList = 828AAB132A54131000E823BF /* Build configuration list for PBXProject "ImageView" */;
			compatibilityVersion = "Xcode 14.0";
			developmentRegion = en;
			hasScannedForEncodings = 0;
			knownRegions = (
				en,
				Base,
			);
			mainGroup = 828AAB0F2A54131000E823BF;
			productRefGroup = 828AAB192A54131000E823BF /* Products */;
			projectDirPath = "";
			projectRoot = "";
			targets = (
				828AAB172A54131000E823BF /* ImageView */,
				828AAB2D2A54131000E823BF /* ImageViewTests */,
				828AAB372A54131000E823BF /* ImageViewUITests */,
			);
		};
/* End PBXProject section */

/* Begin PBXResourcesBuildPhase section */
		828AAB162A54131000E823BF /* Resources */ = {
			isa = PBXResourcesBuildPhase;
			buildActionMask = 2147483647;
			files = (
				828AAB282A54131000E823BF /* LaunchScreen.storyboard in Resources */,
				828AAB252A54131000E823BF /* Assets.xcassets in Resources */,
				828AAB232A54131000E823BF /* Main.storyboard in Resources */,
			);
			runOnlyForDeploymentPostprocessing = 0;
		};
		828AAB2C2A54131000E823BF /* Resources */ = {
			isa = PBXResourcesBuildPhase;
			buildActionMask = 2147483647;
			files = (
			);
			runOnlyForDeploymentPostprocessing = 0;
		};
		828AAB362A54131000E823BF /* Resources */ = {
			isa = PBXResourcesBuildPhase;
			buildActionMask = 2147483647;
			files = (
			);
			runOnlyForDeploymentPostprocessing = 0;
		};
/* End PBXResourcesBuildPhase section */

/* Begin PBXSourcesBuildPhase section */
		828AAB142A54131000E823BF /* Sources */ = {
			isa = PBXSourcesBuildPhase;
			buildActionMask = 2147483647;
			files = (
				828AAB202A54131000E823BF /* ViewController.swift in Sources */,
				828AAB1C2A54131000E823BF /* AppDelegate.swift in Sources */,
				828AAB1E2A54131000E823BF /* SceneDelegate.swift in Sources */,
			);
			runOnlyForDeploymentPostprocessing = 0;
		};
		828AAB2A2A54131000E823BF /* Sources */ = {
			isa = PBXSourcesBuildPhase;
			buildActionMask = 2147483647;
			files = (
				828AAB332A54131000E823BF /* ImageViewTests.swift in Sources */,
			);
			runOnlyForDeploymentPostprocessing = 0;
		};
		828AAB342A54131000E823BF /* Sources */ = {
			isa = PBXSourcesBuildPhase;
			buildActionMask = 2147483647;
			files = (
				828AAB3D2A54131000E823BF /* ImageViewUITests.swift in Sources */,
				828AAB3F2A54131000E823BF /* ImageViewUITestsLaunchTests.swift in Sources */,
			);
			runOnlyForDeploymentPostprocessing = 0;
		};
/* End PBXSourcesBuildPhase section */

/* Begin PBXTargetDependency section */
		828AAB302A54131000E823BF /* PBXTargetDependency */ = {
			isa = PBXTargetDependency;
			target = 828AAB172A54131000E823BF /* ImageView */;
			targetProxy = 828AAB2F2A54131000E823BF /* PBXContainerItemProxy */;
		};
		828AAB3A2A54131000E823BF /* PBXTargetDependency */ = {
			isa = PBXTargetDependency;
			target = 828AAB172A54131000E823BF /* ImageView */;
			targetProxy = 828AAB392A54131000E823BF /* PBXContainerItemProxy */;
		};
/* End PBXTargetDependency section */

/* Begin PBXVariantGroup section */
		828AAB212A54131000E823BF /* Main.storyboard */ = {
			isa = PBXVariantGroup;
			children = (
				828AAB222A54131000E823BF /* Base */,
			);
			name = Main.storyboard;
			sourceTree = "<group>";
		};
		828AAB262A54131000E823BF /* LaunchScreen.storyboard */ = {
			isa = PBXVariantGroup;
			children = (
				828AAB272A54131000E823BF /* Base */,
			);
			name = LaunchScreen.storyboard;
			sourceTree = "<group>";
		};
/* End PBXVariantGroup section */

/* Begin XCBuildConfiguration section */
		828AAB402A54131000E823BF /* Debug */ = {
			isa = XCBuildConfiguration;
			buildSettings = {
				ALWAYS_SEARCH_USER_PATHS = NO;
				CLANG_ANALYZER_NONNULL = YES;
				CLANG_ANALYZER_NUMBER_OBJECT_CONVERSION = YES_AGGRESSIVE;
				CLANG_CXX_LANGUAGE_STANDARD = "gnu++20";
				CLANG_ENABLE_MODULES = YES;
				CLANG_ENABLE_OBJC_ARC = YES;
				CLANG_ENABLE_OBJC_WEAK = YES;
				CLANG_WARN_BLOCK_CAPTURE_AUTORELEASING = YES;
				CLANG_WARN_BOOL_CONVERSION = YES;
				CLANG_WARN_COMMA = YES;
				CLANG_WARN_CONSTANT_CONVERSION = YES;
				CLANG_WARN_DEPRECATED_OBJC_IMPLEMENTATIONS = YES;
				CLANG_WARN_DIRECT_OBJC_ISA_USAGE = YES_ERROR;
				CLANG_WARN_DOCUMENTATION_COMMENTS = YES;
				CLANG_WARN_EMPTY_BODY = YES;
				CLANG_WARN_ENUM_CONVERSION = YES;
				CLANG_WARN_INFINITE_RECURSION = YES;
				CLANG_WARN_INT_CONVERSION = YES;
				CLANG_WARN_NON_LITERAL_NULL_CONVERSION = YES;
				CLANG_WARN_OBJC_IMPLICIT_RETAIN_SELF = YES;
				CLANG_WARN_OBJC_LITERAL_CONVERSION = YES;
				CLANG_WARN_OBJC_ROOT_CLASS = YES_ERROR;
				CLANG_WARN_QUOTED_INCLUDE_IN_FRAMEWORK_HEADER = YES;
				CLANG_WARN_RANGE_LOOP_ANALYSIS = YES;
				CLANG_WARN_STRICT_PROTOTYPES = YES;
				CLANG_WARN_SUSPICIOUS_MOVE = YES;
				CLANG_WARN_UNGUARDED_AVAILABILITY = YES_AGGRESSIVE;
				CLANG_WARN_UNREACHABLE_CODE = YES;
				CLANG_WARN__DUPLICATE_METHOD_MATCH = YES;
				COPY_PHASE_STRIP = NO;
				DEBUG_INFORMATION_FORMAT = dwarf;
				ENABLE_STRICT_OBJC_MSGSEND = YES;
				ENABLE_TESTABILITY = YES;
				GCC_C_LANGUAGE_STANDARD = gnu11;
				GCC_DYNAMIC_NO_PIC = NO;
				GCC_NO_COMMON_BLOCKS = YES;
				GCC_OPTIMIZATION_LEVEL = 0;
				GCC_PREPROCESSOR_DEFINITIONS = (
					"DEBUG=1",
					"$(inherited)",
				);
				GCC_WARN_64_TO_32_BIT_CONVERSION = YES;
				GCC_WARN_ABOUT_RETURN_TYPE = YES_ERROR;
				GCC_WARN_UNDECLARED_SELECTOR = YES;
				GCC_WARN_UNINITIALIZED_AUTOS = YES_AGGRESSIVE;
				GCC_WARN_UNUSED_FUNCTION = YES;
				GCC_WARN_UNUSED_VARIABLE = YES;
				IPHONEOS_DEPLOYMENT_TARGET = 16.4;
				MTL_ENABLE_DEBUG_INFO = INCLUDE_SOURCE;
				MTL_FAST_MATH = YES;
				ONLY_ACTIVE_ARCH = YES;
				SDKROOT = iphoneos;
				SWIFT_ACTIVE_COMPILATION_CONDITIONS = DEBUG;
				SWIFT_OPTIMIZATION_LEVEL = "-Onone";
			};
			name = Debug;
		};
		828AAB412A54131000E823BF /* Release */ = {
			isa = XCBuildConfiguration;
			buildSettings = {
				ALWAYS_SEARCH_USER_PATHS = NO;
				CLANG_ANALYZER_NONNULL = YES;
				CLANG_ANALYZER_NUMBER_OBJECT_CONVERSION = YES_AGGRESSIVE;
				CLANG_CXX_LANGUAGE_STANDARD = "gnu++20";
				CLANG_ENABLE_MODULES = YES;
				CLANG_ENABLE_OBJC_ARC = YES;
				CLANG_ENABLE_OBJC_WEAK = YES;
				CLANG_WARN_BLOCK_CAPTURE_AUTORELEASING = YES;
				CLANG_WARN_BOOL_CONVERSION = YES;
				CLANG_WARN_COMMA = YES;
				CLANG_WARN_CONSTANT_CONVERSION = YES;
				CLANG_WARN_DEPRECATED_OBJC_IMPLEMENTATIONS = YES;
				CLANG_WARN_DIRECT_OBJC_ISA_USAGE = YES_ERROR;
				CLANG_WARN_DOCUMENTATION_COMMENTS = YES;
				CLANG_WARN_EMPTY_BODY = YES;
				CLANG_WARN_ENUM_CONVERSION = YES;
				CLANG_WARN_INFINITE_RECURSION = YES;
				CLANG_WARN_INT_CONVERSION = YES;
				CLANG_WARN_NON_LITERAL_NULL_CONVERSION = YES;
				CLANG_WARN_OBJC_IMPLICIT_RETAIN_SELF = YES;
				CLANG_WARN_OBJC_LITERAL_CONVERSION = YES;
				CLANG_WARN_OBJC_ROOT_CLASS = YES_ERROR;
				CLANG_WARN_QUOTED_INCLUDE_IN_FRAMEWORK_HEADER = YES;
				CLANG_WARN_RANGE_LOOP_ANALYSIS = YES;
				CLANG_WARN_STRICT_PROTOTYPES = YES;
				CLANG_WARN_SUSPICIOUS_MOVE = YES;
				CLANG_WARN_UNGUARDED_AVAILABILITY = YES_AGGRESSIVE;
				CLANG_WARN_UNREACHABLE_CODE = YES;
				CLANG_WARN__DUPLICATE_METHOD_MATCH = YES;
				COPY_PHASE_STRIP = NO;
				DEBUG_INFORMATION_FORMAT = "dwarf-with-dsym";
				ENABLE_NS_ASSERTIONS = NO;
				ENABLE_STRICT_OBJC_MSGSEND = YES;
				GCC_C_LANGUAGE_STANDARD = gnu11;
				GCC_NO_COMMON_BLOCKS = YES;
				GCC_WARN_64_TO_32_BIT_CONVERSION = YES;
				GCC_WARN_ABOUT_RETURN_TYPE = YES_ERROR;
				GCC_WARN_UNDECLARED_SELECTOR = YES;
				GCC_WARN_UNINITIALIZED_AUTOS = YES_AGGRESSIVE;
				GCC_WARN_UNUSED_FUNCTION = YES;
				GCC_WARN_UNUSED_VARIABLE = YES;
				IPHONEOS_DEPLOYMENT_TARGET = 16.4;
				MTL_ENABLE_DEBUG_INFO = NO;
				MTL_FAST_MATH = YES;
				SDKROOT = iphoneos;
				SWIFT_COMPILATION_MODE = wholemodule;
				SWIFT_OPTIMIZATION_LEVEL = "-O";
				VALIDATE_PRODUCT = YES;
			};
			name = Release;
		};
		828AAB432A54131000E823BF /* Debug */ = {
			isa = XCBuildConfiguration;
			buildSettings = {
				ASSETCATALOG_COMPILER_APPICON_NAME = AppIcon;
				ASSETCATALOG_COMPILER_GLOBAL_ACCENT_COLOR_NAME = AccentColor;
				CODE_SIGN_STYLE = Automatic;
				CURRENT_PROJECT_VERSION = 1;
				DEVELOPMENT_TEAM = 977C44PQHL;
				GENERATE_INFOPLIST_FILE = YES;
				INFOPLIST_FILE = ImageView/Info.plist;
				INFOPLIST_KEY_UIApplicationSupportsIndirectInputEvents = YES;
				INFOPLIST_KEY_UILaunchStoryboardName = LaunchScreen;
				INFOPLIST_KEY_UIMainStoryboardFile = Main;
				INFOPLIST_KEY_UISupportedInterfaceOrientations_iPad = "UIInterfaceOrientationPortrait UIInterfaceOrientationPortraitUpsideDown UIInterfaceOrientationLandscapeLeft UIInterfaceOrientationLandscapeRight";
				INFOPLIST_KEY_UISupportedInterfaceOrientations_iPhone = "UIInterfaceOrientationPortrait UIInterfaceOrientationLandscapeLeft UIInterfaceOrientationLandscapeRight";
				LD_RUNPATH_SEARCH_PATHS = (
					"$(inherited)",
					"@executable_path/Frameworks",
				);
				MARKETING_VERSION = 1.0;
				PRODUCT_BUNDLE_IDENTIFIER = tydevelopers.com.ImageView;
				PRODUCT_NAME = "$(TARGET_NAME)";
				SWIFT_EMIT_LOC_STRINGS = YES;
				SWIFT_VERSION = 5.0;
				TARGETED_DEVICE_FAMILY = "1,2";
			};
			name = Debug;
		};
		828AAB442A54131000E823BF /* Release */ = {
			isa = XCBuildConfiguration;
			buildSettings = {
				ASSETCATALOG_COMPILER_APPICON_NAME = AppIcon;
				ASSETCATALOG_COMPILER_GLOBAL_ACCENT_COLOR_NAME = AccentColor;
				CODE_SIGN_STYLE = Automatic;
				CURRENT_PROJECT_VERSION = 1;
				DEVELOPMENT_TEAM = 977C44PQHL;
				GENERATE_INFOPLIST_FILE = YES;
				INFOPLIST_FILE = ImageView/Info.plist;
				INFOPLIST_KEY_UIApplicationSupportsIndirectInputEvents = YES;
				INFOPLIST_KEY_UILaunchStoryboardName = LaunchScreen;
				INFOPLIST_KEY_UIMainStoryboardFile = Main;
				INFOPLIST_KEY_UISupportedInterfaceOrientations_iPad = "UIInterfaceOrientationPortrait UIInterfaceOrientationPortraitUpsideDown UIInterfaceOrientationLandscapeLeft UIInterfaceOrientationLandscapeRight";
				INFOPLIST_KEY_UISupportedInterfaceOrientations_iPhone = "UIInterfaceOrientationPortrait UIInterfaceOrientationLandscapeLeft UIInterfaceOrientationLandscapeRight";
				LD_RUNPATH_SEARCH_PATHS = (
					"$(inherited)",
					"@executable_path/Frameworks",
				);
				MARKETING_VERSION = 1.0;
				PRODUCT_BUNDLE_IDENTIFIER = tydevelopers.com.ImageView;
				PRODUCT_NAME = "$(TARGET_NAME)";
				SWIFT_EMIT_LOC_STRINGS = YES;
				SWIFT_VERSION = 5.0;
				TARGETED_DEVICE_FAMILY = "1,2";
			};
			name = Release;
		};
		828AAB462A54131000E823BF /* Debug */ = {
			isa = XCBuildConfiguration;
			buildSettings = {
				ALWAYS_EMBED_SWIFT_STANDARD_LIBRARIES = YES;
				BUNDLE_LOADER = "$(TEST_HOST)";
				CODE_SIGN_STYLE = Automatic;
				CURRENT_PROJECT_VERSION = 1;
				DEVELOPMENT_TEAM = 977C44PQHL;
				GENERATE_INFOPLIST_FILE = YES;
				IPHONEOS_DEPLOYMENT_TARGET = 16.4;
				MARKETING_VERSION = 1.0;
				PRODUCT_BUNDLE_IDENTIFIER = tydevelopers.com.ImageViewTests;
				PRODUCT_NAME = "$(TARGET_NAME)";
				SWIFT_EMIT_LOC_STRINGS = NO;
				SWIFT_VERSION = 5.0;
				TARGETED_DEVICE_FAMILY = "1,2";
				TEST_HOST = "$(BUILT_PRODUCTS_DIR)/ImageView.app/$(BUNDLE_EXECUTABLE_FOLDER_PATH)/ImageView";
			};
			name = Debug;
		};
		828AAB472A54131000E823BF /* Release */ = {
			isa = XCBuildConfiguration;
			buildSettings = {
				ALWAYS_EMBED_SWIFT_STANDARD_LIBRARIES = YES;
				BUNDLE_LOADER = "$(TEST_HOST)";
				CODE_SIGN_STYLE = Automatic;
				CURRENT_PROJECT_VERSION = 1;
				DEVELOPMENT_TEAM = 977C44PQHL;
				GENERATE_INFOPLIST_FILE = YES;
				IPHONEOS_DEPLOYMENT_TARGET = 16.4;
				MARKETING_VERSION = 1.0;
				PRODUCT_BUNDLE_IDENTIFIER = tydevelopers.com.ImageViewTests;
				PRODUCT_NAME = "$(TARGET_NAME)";
				SWIFT_EMIT_LOC_STRINGS = NO;
				SWIFT_VERSION = 5.0;
				TARGETED_DEVICE_FAMILY = "1,2";
				TEST_HOST = "$(BUILT_PRODUCTS_DIR)/ImageView.app/$(BUNDLE_EXECUTABLE_FOLDER_PATH)/ImageView";
			};
			name = Release;
		};
		828AAB492A54131000E823BF /* Debug */ = {
			isa = XCBuildConfiguration;
			buildSettings = {
				ALWAYS_EMBED_SWIFT_STANDARD_LIBRARIES = YES;
				CODE_SIGN_STYLE = Automatic;
				CURRENT_PROJECT_VERSION = 1;
				DEVELOPMENT_TEAM = 977C44PQHL;
				GENERATE_INFOPLIST_FILE = YES;
				MARKETING_VERSION = 1.0;
				PRODUCT_BUNDLE_IDENTIFIER = tydevelopers.com.ImageViewUITests;
				PRODUCT_NAME = "$(TARGET_NAME)";
				SWIFT_EMIT_LOC_STRINGS = NO;
				SWIFT_VERSION = 5.0;
				TARGETED_DEVICE_FAMILY = "1,2";
				TEST_TARGET_NAME = ImageView;
			};
			name = Debug;
		};
		828AAB4A2A54131000E823BF /* Release */ = {
			isa = XCBuildConfiguration;
			buildSettings = {
				ALWAYS_EMBED_SWIFT_STANDARD_LIBRARIES = YES;
				CODE_SIGN_STYLE = Automatic;
				CURRENT_PROJECT_VERSION = 1;
				DEVELOPMENT_TEAM = 977C44PQHL;
				GENERATE_INFOPLIST_FILE = YES;
				MARKETING_VERSION = 1.0;
				PRODUCT_BUNDLE_IDENTIFIER = tydevelopers.com.ImageViewUITests;
				PRODUCT_NAME = "$(TARGET_NAME)";
				SWIFT_EMIT_LOC_STRINGS = NO;
				SWIFT_VERSION = 5.0;
				TARGETED_DEVICE_FAMILY = "1,2";
				TEST_TARGET_NAME = ImageView;
			};
			name = Release;
		};
/* End XCBuildConfiguration section */

/* Begin XCConfigurationList section */
		828AAB132A54131000E823BF /* Build configuration list for PBXProject "ImageView" */ = {
			isa = XCConfigurationList;
			buildConfigurations = (
				828AAB402A54131000E823BF /* Debug */,
				828AAB412A54131000E823BF /* Release */,
			);
			defaultConfigurationIsVisible = 0;
			defaultConfigurationName = Release;
		};
		828AAB422A54131000E823BF /* Build configuration list for PBXNativeTarget "ImageView" */ = {
			isa = XCConfigurationList;
			buildConfigurations = (
				828AAB432A54131000E823BF /* Debug */,
				828AAB442A54131000E823BF /* Release */,
			);
			defaultConfigurationIsVisible = 0;
			defaultConfigurationName = Release;
		};
		828AAB452A54131000E823BF /* Build configuration list for PBXNativeTarget "ImageViewTests" */ = {
			isa = XCConfigurationList;
			buildConfigurations = (
				828AAB462A54131000E823BF /* Debug */,
				828AAB472A54131000E823BF /* Release */,
			);
			defaultConfigurationIsVisible = 0;
			defaultConfigurationName = Release;
		};
		828AAB482A54131000E823BF /* Build configuration list for PBXNativeTarget "ImageViewUITests" */ = {
			isa = XCConfigurationList;
			buildConfigurations = (
				828AAB492A54131000E823BF /* Debug */,
				828AAB4A2A54131000E823BF /* Release */,
			);
			defaultConfigurationIsVisible = 0;
			defaultConfigurationName = Release;
		};
/* End XCConfigurationList section */
	};
	rootObject = 828AAB102A54131000E823BF /* Project object */;
}
